// !$*UTF8*$!
{
	archiveVersion = 1;
	classes = {
	};
	objectVersion = 52;
	objects = {

/* Begin PBXBuildFile section */
		2D04291521774E8E001B81FB /* FoldingCell.framework in Frameworks */ = {isa = PBXBuildFile; fileRef = 2DC80F4821774D87006D1278 /* FoldingCell.framework */; };
		2D04291621774E8E001B81FB /* FoldingCell.framework in Embed Frameworks */ = {isa = PBXBuildFile; fileRef = 2DC80F4821774D87006D1278 /* FoldingCell.framework */; settings = {ATTRIBUTES = (CodeSignOnCopy, RemoveHeadersOnCopy, ); }; };
		2D04291821774F32001B81FB /* FoldingCell.swift in Sources */ = {isa = PBXBuildFile; fileRef = 2D04291721774F32001B81FB /* FoldingCell.swift */; };
		2D11634821B7FB1000FE59A8 /* opinionsVC.swift in Sources */ = {isa = PBXBuildFile; fileRef = 2D11634721B7FB0F00FE59A8 /* opinionsVC.swift */; };
		2D11634A21B8349900FE59A8 /* opinionCell.swift in Sources */ = {isa = PBXBuildFile; fileRef = 2D11634921B8349900FE59A8 /* opinionCell.swift */; };
		2D21B12F218CB338007F3E02 /* slideProfileReview.swift in Sources */ = {isa = PBXBuildFile; fileRef = 2D21B12E218CB338007F3E02 /* slideProfileReview.swift */; };
		2D21B131218CB3C0007F3E02 /* slideProfileReview.xib in Resources */ = {isa = PBXBuildFile; fileRef = 2D21B130218CB3C0007F3E02 /* slideProfileReview.xib */; };
		2D22084A218E12E600A81B55 /* sliderWinesListReview.swift in Sources */ = {isa = PBXBuildFile; fileRef = 2D220849218E12E600A81B55 /* sliderWinesListReview.swift */; };
		2D22084C218E131A00A81B55 /* sliderWinesListReview.xib in Resources */ = {isa = PBXBuildFile; fileRef = 2D22084B218E131A00A81B55 /* sliderWinesListReview.xib */; };
		2D22084E2193120900A81B55 /* opinion.swift in Sources */ = {isa = PBXBuildFile; fileRef = 2D22084D2193120800A81B55 /* opinion.swift */; };
		2D2FF671217655FB00895ADC /* AppDelegate.swift in Sources */ = {isa = PBXBuildFile; fileRef = 2D2FF670217655FB00895ADC /* AppDelegate.swift */; };
		2D2FF673217655FB00895ADC /* indexVC.swift in Sources */ = {isa = PBXBuildFile; fileRef = 2D2FF672217655FB00895ADC /* indexVC.swift */; };
		2D2FF676217655FB00895ADC /* Main.storyboard in Resources */ = {isa = PBXBuildFile; fileRef = 2D2FF674217655FB00895ADC /* Main.storyboard */; };
		2D2FF678217655FD00895ADC /* Assets.xcassets in Resources */ = {isa = PBXBuildFile; fileRef = 2D2FF677217655FD00895ADC /* Assets.xcassets */; };
		2D2FF67B217655FD00895ADC /* LaunchScreen.storyboard in Resources */ = {isa = PBXBuildFile; fileRef = 2D2FF679217655FD00895ADC /* LaunchScreen.storyboard */; };
		2D2FF68921765D3400895ADC /* winesVC.swift in Sources */ = {isa = PBXBuildFile; fileRef = 2D2FF68821765D3400895ADC /* winesVC.swift */; };
		2D2FF68B21765D4F00895ADC /* profileVC.swift in Sources */ = {isa = PBXBuildFile; fileRef = 2D2FF68A21765D4F00895ADC /* profileVC.swift */; };
		2D2FF68F21765E2E00895ADC /* viewConstraints.swift in Sources */ = {isa = PBXBuildFile; fileRef = 2D2FF68E21765E2E00895ADC /* viewConstraints.swift */; };
		2D2FF6A121767D8600895ADC /* wineCell.swift in Sources */ = {isa = PBXBuildFile; fileRef = 2D2FF6A021767D8600895ADC /* wineCell.swift */; };
		2D39572621BC571700A17914 /* scanVC.swift in Sources */ = {isa = PBXBuildFile; fileRef = 2D39572521BC571700A17914 /* scanVC.swift */; };
		2D39572A21BD9ECF00A17914 /* reviewsVC.swift in Sources */ = {isa = PBXBuildFile; fileRef = 2D39572921BD9ECD00A17914 /* reviewsVC.swift */; };
		2D39572C21BDA4CF00A17914 /* reviewCell.swift in Sources */ = {isa = PBXBuildFile; fileRef = 2D39572B21BDA4CF00A17914 /* reviewCell.swift */; };
		2D52A01521A9AB3700566BE6 /* sliderAddWine.xib in Resources */ = {isa = PBXBuildFile; fileRef = 2D52A01421A9AB3600566BE6 /* sliderAddWine.xib */; };
		2D52A01721A9AD4B00566BE6 /* sliderAddWine.swift in Sources */ = {isa = PBXBuildFile; fileRef = 2D52A01621A9AD4B00566BE6 /* sliderAddWine.swift */; };
		2DBC652D217CEEBD00ACFD1C /* wine.swift in Sources */ = {isa = PBXBuildFile; fileRef = 2DBC652C217CEEBD00ACFD1C /* wine.swift */; };
		2DBC652F217CF12C00ACFD1C /* GoogleService-Info.plist in Resources */ = {isa = PBXBuildFile; fileRef = 2DBC652E217CF12C00ACFD1C /* GoogleService-Info.plist */; };
		2DC80F4621774BAD006D1278 /* Parchment.framework in Frameworks */ = {isa = PBXBuildFile; fileRef = 2D2FF68621765A8100895ADC /* Parchment.framework */; };
		2DC80F4721774BAD006D1278 /* Parchment.framework in Embed Frameworks */ = {isa = PBXBuildFile; fileRef = 2D2FF68621765A8100895ADC /* Parchment.framework */; settings = {ATTRIBUTES = (CodeSignOnCopy, RemoveHeadersOnCopy, ); }; };
		ED5752854E6E8662D64E9F6C /* Pods_Sommelier.framework in Frameworks */ = {isa = PBXBuildFile; fileRef = A911BD61BC06FF216679ED26 /* Pods_Sommelier.framework */; };
/* End PBXBuildFile section */

/* Begin PBXCopyFilesBuildPhase section */
		2D2FF6972176715200895ADC /* Embed Frameworks */ = {
			isa = PBXCopyFilesBuildPhase;
			buildActionMask = 2147483647;
			dstPath = "";
			dstSubfolderSpec = 10;
			files = (
				2D04291621774E8E001B81FB /* FoldingCell.framework in Embed Frameworks */,
				2DC80F4721774BAD006D1278 /* Parchment.framework in Embed Frameworks */,
			);
			name = "Embed Frameworks";
			runOnlyForDeploymentPostprocessing = 0;
		};
/* End PBXCopyFilesBuildPhase section */

/* Begin PBXFileReference section */
		2D04291721774F32001B81FB /* FoldingCell.swift */ = {isa = PBXFileReference; fileEncoding = 4; lastKnownFileType = sourcecode.swift; path = FoldingCell.swift; sourceTree = "<group>"; };
		2D11634721B7FB0F00FE59A8 /* opinionsVC.swift */ = {isa = PBXFileReference; lastKnownFileType = sourcecode.swift; path = opinionsVC.swift; sourceTree = "<group>"; };
		2D11634921B8349900FE59A8 /* opinionCell.swift */ = {isa = PBXFileReference; lastKnownFileType = sourcecode.swift; path = opinionCell.swift; sourceTree = "<group>"; };
		2D21B12E218CB338007F3E02 /* slideProfileReview.swift */ = {isa = PBXFileReference; lastKnownFileType = sourcecode.swift; path = slideProfileReview.swift; sourceTree = "<group>"; };
		2D21B130218CB3C0007F3E02 /* slideProfileReview.xib */ = {isa = PBXFileReference; lastKnownFileType = file.xib; path = slideProfileReview.xib; sourceTree = "<group>"; };
		2D220849218E12E600A81B55 /* sliderWinesListReview.swift */ = {isa = PBXFileReference; lastKnownFileType = sourcecode.swift; path = sliderWinesListReview.swift; sourceTree = "<group>"; };
		2D22084B218E131A00A81B55 /* sliderWinesListReview.xib */ = {isa = PBXFileReference; lastKnownFileType = file.xib; path = sliderWinesListReview.xib; sourceTree = "<group>"; };
		2D22084D2193120800A81B55 /* opinion.swift */ = {isa = PBXFileReference; lastKnownFileType = sourcecode.swift; path = opinion.swift; sourceTree = "<group>"; };
		2D2FF66D217655FB00895ADC /* Sommelier.app */ = {isa = PBXFileReference; explicitFileType = wrapper.application; includeInIndex = 0; path = Sommelier.app; sourceTree = BUILT_PRODUCTS_DIR; };
		2D2FF670217655FB00895ADC /* AppDelegate.swift */ = {isa = PBXFileReference; lastKnownFileType = sourcecode.swift; path = AppDelegate.swift; sourceTree = "<group>"; };
		2D2FF672217655FB00895ADC /* indexVC.swift */ = {isa = PBXFileReference; lastKnownFileType = sourcecode.swift; path = indexVC.swift; sourceTree = "<group>"; };
		2D2FF675217655FB00895ADC /* Base */ = {isa = PBXFileReference; lastKnownFileType = file.storyboard; name = Base; path = Base.lproj/Main.storyboard; sourceTree = "<group>"; };
		2D2FF677217655FD00895ADC /* Assets.xcassets */ = {isa = PBXFileReference; lastKnownFileType = folder.assetcatalog; path = Assets.xcassets; sourceTree = "<group>"; };
		2D2FF67A217655FD00895ADC /* Base */ = {isa = PBXFileReference; lastKnownFileType = file.storyboard; name = Base; path = Base.lproj/LaunchScreen.storyboard; sourceTree = "<group>"; };
		2D2FF67C217655FD00895ADC /* Info.plist */ = {isa = PBXFileReference; lastKnownFileType = text.plist.xml; path = Info.plist; sourceTree = "<group>"; };
		2D2FF68621765A8100895ADC /* Parchment.framework */ = {isa = PBXFileReference; lastKnownFileType = wrapper.framework; name = Parchment.framework; path = Sommelier/Parchment.framework; sourceTree = SOURCE_ROOT; };
		2D2FF68821765D3400895ADC /* winesVC.swift */ = {isa = PBXFileReference; lastKnownFileType = sourcecode.swift; path = winesVC.swift; sourceTree = "<group>"; };
		2D2FF68A21765D4F00895ADC /* profileVC.swift */ = {isa = PBXFileReference; lastKnownFileType = sourcecode.swift; path = profileVC.swift; sourceTree = "<group>"; };
		2D2FF68E21765E2E00895ADC /* viewConstraints.swift */ = {isa = PBXFileReference; lastKnownFileType = sourcecode.swift; path = viewConstraints.swift; sourceTree = "<group>"; };
		2D2FF69D21767D3000895ADC /* FoldingCell.framework */ = {isa = PBXFileReference; lastKnownFileType = wrapper.framework; name = FoldingCell.framework; path = "/Users/damian/Documents/Szkoła/Diploma/Sommelier/Sommelier/FoldingCell.framework"; sourceTree = "<absolute>"; };
		2D2FF6A021767D8600895ADC /* wineCell.swift */ = {isa = PBXFileReference; lastKnownFileType = sourcecode.swift; path = wineCell.swift; sourceTree = "<group>"; };
		2D39572521BC571700A17914 /* scanVC.swift */ = {isa = PBXFileReference; lastKnownFileType = sourcecode.swift; path = scanVC.swift; sourceTree = "<group>"; };
		2D39572921BD9ECD00A17914 /* reviewsVC.swift */ = {isa = PBXFileReference; lastKnownFileType = sourcecode.swift; path = reviewsVC.swift; sourceTree = "<group>"; };
		2D39572B21BDA4CF00A17914 /* reviewCell.swift */ = {isa = PBXFileReference; lastKnownFileType = sourcecode.swift; path = reviewCell.swift; sourceTree = "<group>"; };
		2D52A01421A9AB3600566BE6 /* sliderAddWine.xib */ = {isa = PBXFileReference; lastKnownFileType = file.xib; path = sliderAddWine.xib; sourceTree = "<group>"; };
		2D52A01621A9AD4B00566BE6 /* sliderAddWine.swift */ = {isa = PBXFileReference; lastKnownFileType = sourcecode.swift; path = sliderAddWine.swift; sourceTree = "<group>"; };
		2DADA9462185DC860082936C /* Sommelier.entitlements */ = {isa = PBXFileReference; lastKnownFileType = text.plist.entitlements; path = Sommelier.entitlements; sourceTree = "<group>"; };
		2DBC652C217CEEBD00ACFD1C /* wine.swift */ = {isa = PBXFileReference; lastKnownFileType = sourcecode.swift; path = wine.swift; sourceTree = "<group>"; };
		2DBC652E217CF12C00ACFD1C /* GoogleService-Info.plist */ = {isa = PBXFileReference; fileEncoding = 4; lastKnownFileType = text.plist.xml; path = "GoogleService-Info.plist"; sourceTree = "<group>"; };
		2DC80F4821774D87006D1278 /* FoldingCell.framework */ = {isa = PBXFileReference; lastKnownFileType = wrapper.framework; name = FoldingCell.framework; path = Carthage/Build/iOS/FoldingCell.framework; sourceTree = SOURCE_ROOT; };
		8F034A6AEAB44C998CE4F094 /* Pods-Sommelier.debug.xcconfig */ = {isa = PBXFileReference; includeInIndex = 1; lastKnownFileType = text.xcconfig; name = "Pods-Sommelier.debug.xcconfig"; path = "Pods/Target Support Files/Pods-Sommelier/Pods-Sommelier.debug.xcconfig"; sourceTree = "<group>"; };
		A911BD61BC06FF216679ED26 /* Pods_Sommelier.framework */ = {isa = PBXFileReference; explicitFileType = wrapper.framework; includeInIndex = 0; path = Pods_Sommelier.framework; sourceTree = BUILT_PRODUCTS_DIR; };
		BF15AF20E2F0151509849A65 /* Pods-Sommelier.release.xcconfig */ = {isa = PBXFileReference; includeInIndex = 1; lastKnownFileType = text.xcconfig; name = "Pods-Sommelier.release.xcconfig"; path = "Pods/Target Support Files/Pods-Sommelier/Pods-Sommelier.release.xcconfig"; sourceTree = "<group>"; };
/* End PBXFileReference section */

/* Begin PBXFrameworksBuildPhase section */
		2D2FF66A217655FB00895ADC /* Frameworks */ = {
			isa = PBXFrameworksBuildPhase;
			buildActionMask = 2147483647;
			files = (
				2D04291521774E8E001B81FB /* FoldingCell.framework in Frameworks */,
				2DC80F4621774BAD006D1278 /* Parchment.framework in Frameworks */,
				ED5752854E6E8662D64E9F6C /* Pods_Sommelier.framework in Frameworks */,
			);
			runOnlyForDeploymentPostprocessing = 0;
		};
/* End PBXFrameworksBuildPhase section */

/* Begin PBXGroup section */
		0D3CFF1CA2124C38FFF38F99 /* Frameworks */ = {
			isa = PBXGroup;
			children = (
				A911BD61BC06FF216679ED26 /* Pods_Sommelier.framework */,
			);
			name = Frameworks;
			sourceTree = "<group>";
		};
		2D04291421774D9E001B81FB /* Recovered References */ = {
			isa = PBXGroup;
			children = (
				2D2FF69D21767D3000895ADC /* FoldingCell.framework */,
			);
			name = "Recovered References";
			sourceTree = "<group>";
		};
		2D2FF664217655FB00895ADC = {
			isa = PBXGroup;
			children = (
				2D2FF66F217655FB00895ADC /* Sommelier */,
				2D2FF66E217655FB00895ADC /* Products */,
				2D04291421774D9E001B81FB /* Recovered References */,
				7188817B39B7DF7505A38B9A /* Pods */,
				0D3CFF1CA2124C38FFF38F99 /* Frameworks */,
			);
			sourceTree = "<group>";
		};
		2D2FF66E217655FB00895ADC /* Products */ = {
			isa = PBXGroup;
			children = (
				2D2FF66D217655FB00895ADC /* Sommelier.app */,
			);
			name = Products;
			sourceTree = "<group>";
		};
		2D2FF66F217655FB00895ADC /* Sommelier */ = {
			isa = PBXGroup;
			children = (
				2DADA9462185DC860082936C /* Sommelier.entitlements */,
				2DBC652E217CF12C00ACFD1C /* GoogleService-Info.plist */,
				2D04291721774F32001B81FB /* FoldingCell.swift */,
				2DC80F4821774D87006D1278 /* FoldingCell.framework */,
				2D2FF69F21767D5600895ADC /* Models */,
				2D2FF68621765A8100895ADC /* Parchment.framework */,
				2D2FF68C21765D5900895ADC /* VC */,
				2D2FF670217655FB00895ADC /* AppDelegate.swift */,
				2D2FF674217655FB00895ADC /* Main.storyboard */,
				2D2FF677217655FD00895ADC /* Assets.xcassets */,
				2D2FF679217655FD00895ADC /* LaunchScreen.storyboard */,
				2D2FF67C217655FD00895ADC /* Info.plist */,
				2D2FF68E21765E2E00895ADC /* viewConstraints.swift */,
				2D21B12E218CB338007F3E02 /* slideProfileReview.swift */,
				2D21B130218CB3C0007F3E02 /* slideProfileReview.xib */,
				2D220849218E12E600A81B55 /* sliderWinesListReview.swift */,
				2D22084B218E131A00A81B55 /* sliderWinesListReview.xib */,
				2D52A01421A9AB3600566BE6 /* sliderAddWine.xib */,
				2D52A01621A9AD4B00566BE6 /* sliderAddWine.swift */,
			);
			path = Sommelier;
			sourceTree = "<group>";
		};
		2D2FF68C21765D5900895ADC /* VC */ = {
			isa = PBXGroup;
			children = (
				2D2FF672217655FB00895ADC /* indexVC.swift */,
				2D2FF68821765D3400895ADC /* winesVC.swift */,
				2D2FF68A21765D4F00895ADC /* profileVC.swift */,
				2D39572521BC571700A17914 /* scanVC.swift */,
				2D11634721B7FB0F00FE59A8 /* opinionsVC.swift */,
				2D39572921BD9ECD00A17914 /* reviewsVC.swift */,
			);
			path = VC;
			sourceTree = "<group>";
		};
		2D2FF69F21767D5600895ADC /* Models */ = {
			isa = PBXGroup;
			children = (
				2D11634921B8349900FE59A8 /* opinionCell.swift */,
				2D2FF6A021767D8600895ADC /* wineCell.swift */,
				2DBC652C217CEEBD00ACFD1C /* wine.swift */,
				2D22084D2193120800A81B55 /* opinion.swift */,
				2D39572B21BDA4CF00A17914 /* reviewCell.swift */,
			);
			name = Models;
			path = "New Group";
			sourceTree = "<group>";
		};
		7188817B39B7DF7505A38B9A /* Pods */ = {
			isa = PBXGroup;
			children = (
				8F034A6AEAB44C998CE4F094 /* Pods-Sommelier.debug.xcconfig */,
				BF15AF20E2F0151509849A65 /* Pods-Sommelier.release.xcconfig */,
			);
			name = Pods;
			sourceTree = "<group>";
		};
/* End PBXGroup section */

/* Begin PBXNativeTarget section */
		2D2FF66C217655FB00895ADC /* Sommelier */ = {
			isa = PBXNativeTarget;
			buildConfigurationList = 2D2FF67F217655FD00895ADC /* Build configuration list for PBXNativeTarget "Sommelier" */;
			buildPhases = (
				A12D55BB2A1CCE0FFCB0AF22 /* [CP] Check Pods Manifest.lock */,
				2D2FF669217655FB00895ADC /* Sources */,
				2D2FF66A217655FB00895ADC /* Frameworks */,
				2D2FF66B217655FB00895ADC /* Resources */,
				2D2FF6852176590B00895ADC /* Parchment */,
				2D2FF6972176715200895ADC /* Embed Frameworks */,
				D9DB3812158F0C2D3FDDA511 /* [CP] Embed Pods Frameworks */,
			);
			buildRules = (
			);
			dependencies = (
			);
			name = Sommelier;
			productName = Sommelier;
			productReference = 2D2FF66D217655FB00895ADC /* Sommelier.app */;
			productType = "com.apple.product-type.application";
		};
/* End PBXNativeTarget section */

/* Begin PBXProject section */
		2D2FF665217655FB00895ADC /* Project object */ = {
			isa = PBXProject;
			attributes = {
				LastSwiftUpdateCheck = 1000;
				LastUpgradeCheck = 1000;
				ORGANIZATIONNAME = Damian;
				TargetAttributes = {
					2D2FF66C217655FB00895ADC = {
						CreatedOnToolsVersion = 10.0;
						SystemCapabilities = {
							com.apple.Keychain = {
								enabled = 0;
							};
						};
					};
				};
			};
			buildConfigurationList = 2D2FF668217655FB00895ADC /* Build configuration list for PBXProject "Sommelier" */;
			compatibilityVersion = "Xcode 11.0";
			developmentRegion = en;
			hasScannedForEncodings = 0;
			knownRegions = (
				en,
				Base,
			);
			mainGroup = 2D2FF664217655FB00895ADC;
			productRefGroup = 2D2FF66E217655FB00895ADC /* Products */;
			projectDirPath = "";
			projectRoot = "";
			targets = (
				2D2FF66C217655FB00895ADC /* Sommelier */,
			);
		};
/* End PBXProject section */

/* Begin PBXResourcesBuildPhase section */
		2D2FF66B217655FB00895ADC /* Resources */ = {
			isa = PBXResourcesBuildPhase;
			buildActionMask = 2147483647;
			files = (
				2D21B131218CB3C0007F3E02 /* slideProfileReview.xib in Resources */,
				2D52A01521A9AB3700566BE6 /* sliderAddWine.xib in Resources */,
				2D22084C218E131A00A81B55 /* sliderWinesListReview.xib in Resources */,
				2D2FF67B217655FD00895ADC /* LaunchScreen.storyboard in Resources */,
				2D2FF678217655FD00895ADC /* Assets.xcassets in Resources */,
				2DBC652F217CF12C00ACFD1C /* GoogleService-Info.plist in Resources */,
				2D2FF676217655FB00895ADC /* Main.storyboard in Resources */,
			);
			runOnlyForDeploymentPostprocessing = 0;
		};
/* End PBXResourcesBuildPhase section */

/* Begin PBXShellScriptBuildPhase section */
		2D2FF6852176590B00895ADC /* Parchment */ = {
			isa = PBXShellScriptBuildPhase;
			buildActionMask = 12;
			files = (
			);
			inputFileListPaths = (
			);
			inputPaths = (
				"$(SRCROOT)/Carthage/Build/iOS/Parchment.framework",
				"$(SRCROOT)/Carthage/Build/iOS/FoldingCell.framework",
			);
			name = Parchment;
			outputFileListPaths = (
			);
			outputPaths = (
				"",
				"",
			);
			runOnlyForDeploymentPostprocessing = 0;
			shellPath = /bin/sh;
			shellScript = "/usr/local/bin/carthage copy-frameworks\n";
		};
		A12D55BB2A1CCE0FFCB0AF22 /* [CP] Check Pods Manifest.lock */ = {
			isa = PBXShellScriptBuildPhase;
			buildActionMask = 2147483647;
			files = (
			);
			inputFileListPaths = (
			);
			inputPaths = (
				"${PODS_PODFILE_DIR_PATH}/Podfile.lock",
				"${PODS_ROOT}/Manifest.lock",
			);
			name = "[CP] Check Pods Manifest.lock";
			outputFileListPaths = (
			);
			outputPaths = (
				"$(DERIVED_FILE_DIR)/Pods-Sommelier-checkManifestLockResult.txt",
			);
			runOnlyForDeploymentPostprocessing = 0;
			shellPath = /bin/sh;
			shellScript = "diff \"${PODS_PODFILE_DIR_PATH}/Podfile.lock\" \"${PODS_ROOT}/Manifest.lock\" > /dev/null\nif [ $? != 0 ] ; then\n    # print error to STDERR\n    echo \"error: The sandbox is not in sync with the Podfile.lock. Run 'pod install' or update your CocoaPods installation.\" >&2\n    exit 1\nfi\n# This output is used by Xcode 'outputs' to avoid re-running this script phase.\necho \"SUCCESS\" > \"${SCRIPT_OUTPUT_FILE_0}\"\n";
			showEnvVarsInLog = 0;
		};
		D9DB3812158F0C2D3FDDA511 /* [CP] Embed Pods Frameworks */ = {
			isa = PBXShellScriptBuildPhase;
			buildActionMask = 2147483647;
			files = (
			);
			inputFileListPaths = (
				"${PODS_ROOT}/Target Support Files/Pods-Sommelier/Pods-Sommelier-frameworks-${CONFIGURATION}-input-files.xcfilelist",
			);
			name = "[CP] Embed Pods Frameworks";
			outputFileListPaths = (
				"${PODS_ROOT}/Target Support Files/Pods-Sommelier/Pods-Sommelier-frameworks-${CONFIGURATION}-output-files.xcfilelist",
			);
			runOnlyForDeploymentPostprocessing = 0;
			shellPath = /bin/sh;
			shellScript = "\"${PODS_ROOT}/Target Support Files/Pods-Sommelier/Pods-Sommelier-frameworks.sh\"\n";
			showEnvVarsInLog = 0;
		};
/* End PBXShellScriptBuildPhase section */

/* Begin PBXSourcesBuildPhase section */
		2D2FF669217655FB00895ADC /* Sources */ = {
			isa = PBXSourcesBuildPhase;
			buildActionMask = 2147483647;
			files = (
				2D2FF68F21765E2E00895ADC /* viewConstraints.swift in Sources */,
				2D52A01721A9AD4B00566BE6 /* sliderAddWine.swift in Sources */,
				2D04291821774F32001B81FB /* FoldingCell.swift in Sources */,
				2D2FF68B21765D4F00895ADC /* profileVC.swift in Sources */,
				2D2FF6A121767D8600895ADC /* wineCell.swift in Sources */,
				2D2FF68921765D3400895ADC /* winesVC.swift in Sources */,
				2D11634A21B8349900FE59A8 /* opinionCell.swift in Sources */,
				2D2FF673217655FB00895ADC /* indexVC.swift in Sources */,
				2D39572A21BD9ECF00A17914 /* reviewsVC.swift in Sources */,
				2D11634821B7FB1000FE59A8 /* opinionsVC.swift in Sources */,
				2D21B12F218CB338007F3E02 /* slideProfileReview.swift in Sources */,
				2D39572C21BDA4CF00A17914 /* reviewCell.swift in Sources */,
				2D22084A218E12E600A81B55 /* sliderWinesListReview.swift in Sources */,
				2D22084E2193120900A81B55 /* opinion.swift in Sources */,
				2D39572621BC571700A17914 /* scanVC.swift in Sources */,
				2D2FF671217655FB00895ADC /* AppDelegate.swift in Sources */,
				2DBC652D217CEEBD00ACFD1C /* wine.swift in Sources */,
			);
			runOnlyForDeploymentPostprocessing = 0;
		};
/* End PBXSourcesBuildPhase section */

/* Begin PBXVariantGroup section */
		2D2FF674217655FB00895ADC /* Main.storyboard */ = {
			isa = PBXVariantGroup;
			children = (
				2D2FF675217655FB00895ADC /* Base */,
			);
			name = Main.storyboard;
			sourceTree = "<group>";
		};
		2D2FF679217655FD00895ADC /* LaunchScreen.storyboard */ = {
			isa = PBXVariantGroup;
			children = (
				2D2FF67A217655FD00895ADC /* Base */,
			);
			name = LaunchScreen.storyboard;
			sourceTree = "<group>";
		};
/* End PBXVariantGroup section */

/* Begin XCBuildConfiguration section */
		2D2FF67D217655FD00895ADC /* Debug */ = {
			isa = XCBuildConfiguration;
			buildSettings = {
				ALWAYS_SEARCH_USER_PATHS = NO;
				CLANG_ANALYZER_NONNULL = YES;
				CLANG_ANALYZER_NUMBER_OBJECT_CONVERSION = YES_AGGRESSIVE;
				CLANG_CXX_LANGUAGE_STANDARD = "gnu++14";
				CLANG_CXX_LIBRARY = "libc++";
				CLANG_ENABLE_MODULES = YES;
				CLANG_ENABLE_OBJC_ARC = YES;
				CLANG_ENABLE_OBJC_WEAK = YES;
				CLANG_WARN_BLOCK_CAPTURE_AUTORELEASING = YES;
				CLANG_WARN_BOOL_CONVERSION = YES;
				CLANG_WARN_COMMA = YES;
				CLANG_WARN_CONSTANT_CONVERSION = YES;
				CLANG_WARN_DEPRECATED_OBJC_IMPLEMENTATIONS = YES;
				CLANG_WARN_DIRECT_OBJC_ISA_USAGE = YES_ERROR;
				CLANG_WARN_DOCUMENTATION_COMMENTS = YES;
				CLANG_WARN_EMPTY_BODY = YES;
				CLANG_WARN_ENUM_CONVERSION = YES;
				CLANG_WARN_INFINITE_RECURSION = YES;
				CLANG_WARN_INT_CONVERSION = YES;
				CLANG_WARN_NON_LITERAL_NULL_CONVERSION = YES;
				CLANG_WARN_OBJC_IMPLICIT_RETAIN_SELF = YES;
				CLANG_WARN_OBJC_LITERAL_CONVERSION = YES;
				CLANG_WARN_OBJC_ROOT_CLASS = YES_ERROR;
				CLANG_WARN_RANGE_LOOP_ANALYSIS = YES;
				CLANG_WARN_STRICT_PROTOTYPES = YES;
				CLANG_WARN_SUSPICIOUS_MOVE = YES;
				CLANG_WARN_UNGUARDED_AVAILABILITY = YES_AGGRESSIVE;
				CLANG_WARN_UNREACHABLE_CODE = YES;
				CLANG_WARN__DUPLICATE_METHOD_MATCH = YES;
				CODE_SIGN_IDENTITY = "iPhone Developer";
				COPY_PHASE_STRIP = NO;
				DEBUG_INFORMATION_FORMAT = dwarf;
				ENABLE_STRICT_OBJC_MSGSEND = YES;
				ENABLE_TESTABILITY = YES;
				GCC_C_LANGUAGE_STANDARD = gnu11;
				GCC_DYNAMIC_NO_PIC = NO;
				GCC_NO_COMMON_BLOCKS = YES;
				GCC_OPTIMIZATION_LEVEL = 0;
				GCC_PREPROCESSOR_DEFINITIONS = (
					"DEBUG=1",
					"$(inherited)",
				);
				GCC_WARN_64_TO_32_BIT_CONVERSION = YES;
				GCC_WARN_ABOUT_RETURN_TYPE = YES_ERROR;
				GCC_WARN_UNDECLARED_SELECTOR = YES;
				GCC_WARN_UNINITIALIZED_AUTOS = YES_AGGRESSIVE;
				GCC_WARN_UNUSED_FUNCTION = YES;
				GCC_WARN_UNUSED_VARIABLE = YES;
				IPHONEOS_DEPLOYMENT_TARGET = 12.0;
				MTL_ENABLE_DEBUG_INFO = INCLUDE_SOURCE;
				MTL_FAST_MATH = YES;
				ONLY_ACTIVE_ARCH = YES;
				SDKROOT = iphoneos;
				SWIFT_ACTIVE_COMPILATION_CONDITIONS = DEBUG;
				SWIFT_OPTIMIZATION_LEVEL = "-Onone";
			};
			name = Debug;
		};
		2D2FF67E217655FD00895ADC /* Release */ = {
			isa = XCBuildConfiguration;
			buildSettings = {
				ALWAYS_SEARCH_USER_PATHS = NO;
				CLANG_ANALYZER_NONNULL = YES;
				CLANG_ANALYZER_NUMBER_OBJECT_CONVERSION = YES_AGGRESSIVE;
				CLANG_CXX_LANGUAGE_STANDARD = "gnu++14";
				CLANG_CXX_LIBRARY = "libc++";
				CLANG_ENABLE_MODULES = YES;
				CLANG_ENABLE_OBJC_ARC = YES;
				CLANG_ENABLE_OBJC_WEAK = YES;
				CLANG_WARN_BLOCK_CAPTURE_AUTORELEASING = YES;
				CLANG_WARN_BOOL_CONVERSION = YES;
				CLANG_WARN_COMMA = YES;
				CLANG_WARN_CONSTANT_CONVERSION = YES;
				CLANG_WARN_DEPRECATED_OBJC_IMPLEMENTATIONS = YES;
				CLANG_WARN_DIRECT_OBJC_ISA_USAGE = YES_ERROR;
				CLANG_WARN_DOCUMENTATION_COMMENTS = YES;
				CLANG_WARN_EMPTY_BODY = YES;
				CLANG_WARN_ENUM_CONVERSION = YES;
				CLANG_WARN_INFINITE_RECURSION = YES;
				CLANG_WARN_INT_CONVERSION = YES;
				CLANG_WARN_NON_LITERAL_NULL_CONVERSION = YES;
				CLANG_WARN_OBJC_IMPLICIT_RETAIN_SELF = YES;
				CLANG_WARN_OBJC_LITERAL_CONVERSION = YES;
				CLANG_WARN_OBJC_ROOT_CLASS = YES_ERROR;
				CLANG_WARN_RANGE_LOOP_ANALYSIS = YES;
				CLANG_WARN_STRICT_PROTOTYPES = YES;
				CLANG_WARN_SUSPICIOUS_MOVE = YES;
				CLANG_WARN_UNGUARDED_AVAILABILITY = YES_AGGRESSIVE;
				CLANG_WARN_UNREACHABLE_CODE = YES;
				CLANG_WARN__DUPLICATE_METHOD_MATCH = YES;
				CODE_SIGN_IDENTITY = "iPhone Developer";
				COPY_PHASE_STRIP = NO;
				DEBUG_INFORMATION_FORMAT = "dwarf-with-dsym";
				ENABLE_NS_ASSERTIONS = NO;
				ENABLE_STRICT_OBJC_MSGSEND = YES;
				GCC_C_LANGUAGE_STANDARD = gnu11;
				GCC_NO_COMMON_BLOCKS = YES;
				GCC_WARN_64_TO_32_BIT_CONVERSION = YES;
				GCC_WARN_ABOUT_RETURN_TYPE = YES_ERROR;
				GCC_WARN_UNDECLARED_SELECTOR = YES;
				GCC_WARN_UNINITIALIZED_AUTOS = YES_AGGRESSIVE;
				GCC_WARN_UNUSED_FUNCTION = YES;
				GCC_WARN_UNUSED_VARIABLE = YES;
				IPHONEOS_DEPLOYMENT_TARGET = 12.0;
				MTL_ENABLE_DEBUG_INFO = NO;
				MTL_FAST_MATH = YES;
				SDKROOT = iphoneos;
				SWIFT_COMPILATION_MODE = wholemodule;
				SWIFT_OPTIMIZATION_LEVEL = "-O";
				VALIDATE_PRODUCT = YES;
			};
			name = Release;
		};
		2D2FF680217655FD00895ADC /* Debug */ = {
			isa = XCBuildConfiguration;
			baseConfigurationReference = 8F034A6AEAB44C998CE4F094 /* Pods-Sommelier.debug.xcconfig */;
			buildSettings = {
				ASSETCATALOG_COMPILER_APPICON_NAME = AppIcon;
				CODE_SIGN_STYLE = Automatic;
				DEVELOPMENT_TEAM = 2DL5RY2XKD;
				FRAMEWORK_SEARCH_PATHS = (
					"$(inherited)",
					"$(PROJECT_DIR)/Carthage/Build/iOS",
					"$(PROJECT_DIR)/Sommelier",
				);
				INFOPLIST_FILE = Sommelier/Info.plist;
				IPHONEOS_DEPLOYMENT_TARGET = 13.0;
				LD_RUNPATH_SEARCH_PATHS = (
					"$(inherited)",
					"@executable_path/Frameworks",
				);
				PRODUCT_BUNDLE_IDENTIFIER = "com.228202.sommelier-app";
				PRODUCT_NAME = "$(TARGET_NAME)";
				SWIFT_VERSION = 5.0;
				TARGETED_DEVICE_FAMILY = "1,2";
			};
			name = Debug;
		};
		2D2FF681217655FD00895ADC /* Release */ = {
			isa = XCBuildConfiguration;
			baseConfigurationReference = BF15AF20E2F0151509849A65 /* Pods-Sommelier.release.xcconfig */;
			buildSettings = {
				ASSETCATALOG_COMPILER_APPICON_NAME = AppIcon;
				CODE_SIGN_STYLE = Automatic;
				DEVELOPMENT_TEAM = 2DL5RY2XKD;
				FRAMEWORK_SEARCH_PATHS = (
					"$(inherited)",
					"$(PROJECT_DIR)/Carthage/Build/iOS",
					"$(PROJECT_DIR)/Sommelier",
				);
				INFOPLIST_FILE = Sommelier/Info.plist;
				IPHONEOS_DEPLOYMENT_TARGET = 13.0;
				LD_RUNPATH_SEARCH_PATHS = (
					"$(inherited)",
					"@executable_path/Frameworks",
				);
				PRODUCT_BUNDLE_IDENTIFIER = "com.228202.sommelier-app";
				PRODUCT_NAME = "$(TARGET_NAME)";
				SWIFT_VERSION = 5.0;
				TARGETED_DEVICE_FAMILY = "1,2";
			};
			name = Release;
		};
/* End XCBuildConfiguration section */

/* Begin XCConfigurationList section */
		2D2FF668217655FB00895ADC /* Build configuration list for PBXProject "Sommelier" */ = {
			isa = XCConfigurationList;
			buildConfigurations = (
				2D2FF67D217655FD00895ADC /* Debug */,
				2D2FF67E217655FD00895ADC /* Release */,
			);
			defaultConfigurationIsVisible = 0;
			defaultConfigurationName = Release;
		};
		2D2FF67F217655FD00895ADC /* Build configuration list for PBXNativeTarget "Sommelier" */ = {
			isa = XCConfigurationList;
			buildConfigurations = (
				2D2FF680217655FD00895ADC /* Debug */,
				2D2FF681217655FD00895ADC /* Release */,
			);
			defaultConfigurationIsVisible = 0;
			defaultConfigurationName = Release;
		};
/* End XCConfigurationList section */
	};
	rootObject = 2D2FF665217655FB00895ADC /* Project object */;
}
